// !$*UTF8*$!
{
	archiveVersion = 1;
	classes = {
	};
	objectVersion = 51;
	objects = {

/* Begin PBXBuildFile section */
		2F48253F75644F55DDE44613 /* Pods_Research_SurveyTests.framework in Frameworks */ = {isa = PBXBuildFile; fileRef = 85309D97AB53246AC6713A9E /* Pods_Research_SurveyTests.framework */; };
		391F073327C181E500969BBF /* UIFont+Extentions.swift in Sources */ = {isa = PBXBuildFile; fileRef = 391F073227C181E500969BBF /* UIFont+Extentions.swift */; };
		391FA1A127DA6ED000A51863 /* GoogleService-Info.plist in Resources */ = {isa = PBXBuildFile; fileRef = 391FA1A027DA6ECF00A51863 /* GoogleService-Info.plist */; };
		392853F627EC23C500A01979 /* Question+CoreDataClass.swift in Sources */ = {isa = PBXBuildFile; fileRef = 392853F427EC23C500A01979 /* Question+CoreDataClass.swift */; };
		392853F727EC23C500A01979 /* Module+CoreDataClass.swift in Sources */ = {isa = PBXBuildFile; fileRef = 392853F527EC23C500A01979 /* Module+CoreDataClass.swift */; };
		392853F827EC23C500A01979 /* Answer+CoreDataProperties.swift in Sources */ = {isa = PBXBuildFile; fileRef = 392853F327EC23C400A01979 /* Answer+CoreDataProperties.swift */; };
		392853F927EC23C500A01979 /* Answer+CoreDataClass.swift in Sources */ = {isa = PBXBuildFile; fileRef = 392853F227EC23C400A01979 /* Answer+CoreDataClass.swift */; };
		392853FA27EC23C500A01979 /* Module+CoreDataProperties.swift in Sources */ = {isa = PBXBuildFile; fileRef = 392853F127EC23C400A01979 /* Module+CoreDataProperties.swift */; };
		392853FB27EC23C500A01979 /* Question+CoreDataProperties.swift in Sources */ = {isa = PBXBuildFile; fileRef = 392853F027EC23C400A01979 /* Question+CoreDataProperties.swift */; };
		39376AC927ED11B3009EFCF0 /* SplashVC.swift in Sources */ = {isa = PBXBuildFile; fileRef = 39376AC827ED11B3009EFCF0 /* SplashVC.swift */; };
		39396DA127EBA4AD00B46233 /* HelpVC.swift in Sources */ = {isa = PBXBuildFile; fileRef = 39396DA027EBA4AD00B46233 /* HelpVC.swift */; };
		39396DA327EBA4C200B46233 /* DataPrivacyVC.swift in Sources */ = {isa = PBXBuildFile; fileRef = 39396DA227EBA4C200B46233 /* DataPrivacyVC.swift */; };
		39396DA527EBA4CF00B46233 /* FeedbackVC.swift in Sources */ = {isa = PBXBuildFile; fileRef = 39396DA427EBA4CF00B46233 /* FeedbackVC.swift */; };
		3946BEF6272AF7A1005DFFC2 /* AppDelegate.swift in Sources */ = {isa = PBXBuildFile; fileRef = 3946BEF5272AF7A1005DFFC2 /* AppDelegate.swift */; };
		3946BEFD272AF7A1005DFFC2 /* Main.storyboard in Resources */ = {isa = PBXBuildFile; fileRef = 3946BEFB272AF7A1005DFFC2 /* Main.storyboard */; };
		3946BEFF272AF7A5005DFFC2 /* Assets.xcassets in Resources */ = {isa = PBXBuildFile; fileRef = 3946BEFE272AF7A5005DFFC2 /* Assets.xcassets */; };
		3946BF02272AF7A5005DFFC2 /* LaunchScreen.storyboard in Resources */ = {isa = PBXBuildFile; fileRef = 3946BF00272AF7A5005DFFC2 /* LaunchScreen.storyboard */; };
		3946BF0D272AF7A5005DFFC2 /* Research_SurveyTests.swift in Sources */ = {isa = PBXBuildFile; fileRef = 3946BF0C272AF7A5005DFFC2 /* Research_SurveyTests.swift */; };
		3946BF18272AF7A5005DFFC2 /* Research_SurveyUITests.swift in Sources */ = {isa = PBXBuildFile; fileRef = 3946BF17272AF7A5005DFFC2 /* Research_SurveyUITests.swift */; };
		3946BF28272AFC1C005DFFC2 /* LogInVC.swift in Sources */ = {isa = PBXBuildFile; fileRef = 3946BF27272AFC1C005DFFC2 /* LogInVC.swift */; };
		3946BF2A272AFD8F005DFFC2 /* HomeVC.swift in Sources */ = {isa = PBXBuildFile; fileRef = 3946BF29272AFD8F005DFFC2 /* HomeVC.swift */; };
		3946BF2F272AFEAF005DFFC2 /* HomeTVC.swift in Sources */ = {isa = PBXBuildFile; fileRef = 3946BF2D272AFEAF005DFFC2 /* HomeTVC.swift */; };
		3946BF30272AFEAF005DFFC2 /* HomeTVC.xib in Resources */ = {isa = PBXBuildFile; fileRef = 3946BF2E272AFEAF005DFFC2 /* HomeTVC.xib */; };
		3946BF3D272B0861005DFFC2 /* UIView+Extentions.swift in Sources */ = {isa = PBXBuildFile; fileRef = 3946BF3A272B0861005DFFC2 /* UIView+Extentions.swift */; };
		3946BF3E272B0861005DFFC2 /* UIColor+Extentions.swift in Sources */ = {isa = PBXBuildFile; fileRef = 3946BF3B272B0861005DFFC2 /* UIColor+Extentions.swift */; };
		3946BF3F272B0861005DFFC2 /* UIViewController + Extension.swift in Sources */ = {isa = PBXBuildFile; fileRef = 3946BF3C272B0861005DFFC2 /* UIViewController + Extension.swift */; };
		3946BF41272DF8CA005DFFC2 /* QuestionVC.swift in Sources */ = {isa = PBXBuildFile; fileRef = 3946BF40272DF8CA005DFFC2 /* QuestionVC.swift */; };
		3946BF48272E0D3F005DFFC2 /* BestChoiceTVC.swift in Sources */ = {isa = PBXBuildFile; fileRef = 3946BF46272E0D3F005DFFC2 /* BestChoiceTVC.swift */; };
		3946BF49272E0D3F005DFFC2 /* BestChoiceTVC.xib in Resources */ = {isa = PBXBuildFile; fileRef = 3946BF47272E0D3F005DFFC2 /* BestChoiceTVC.xib */; };
		3946BF4C272E0D5A005DFFC2 /* MultipleChoiceTVC.swift in Sources */ = {isa = PBXBuildFile; fileRef = 3946BF4A272E0D5A005DFFC2 /* MultipleChoiceTVC.swift */; };
		3946BF4D272E0D5A005DFFC2 /* MultipleChoiceTVC.xib in Resources */ = {isa = PBXBuildFile; fileRef = 3946BF4B272E0D5A005DFFC2 /* MultipleChoiceTVC.xib */; };
		3946BF50272E0D6E005DFFC2 /* TextTVC.swift in Sources */ = {isa = PBXBuildFile; fileRef = 3946BF4E272E0D6E005DFFC2 /* TextTVC.swift */; };
		3946BF51272E0D6E005DFFC2 /* TextTVC.xib in Resources */ = {isa = PBXBuildFile; fileRef = 3946BF4F272E0D6E005DFFC2 /* TextTVC.xib */; };
		3946BF54272E0D7F005DFFC2 /* NumericTVC.swift in Sources */ = {isa = PBXBuildFile; fileRef = 3946BF52272E0D7F005DFFC2 /* NumericTVC.swift */; };
		3946BF55272E0D7F005DFFC2 /* NumericTVC.xib in Resources */ = {isa = PBXBuildFile; fileRef = 3946BF53272E0D7F005DFFC2 /* NumericTVC.xib */; };
		396C5A94277A904900B367C0 /* Model.xcdatamodeld in Sources */ = {isa = PBXBuildFile; fileRef = 396C5A92277A904800B367C0 /* Model.xcdatamodeld */; };
		396D304127956E0300BC768B /* HomeCompletedTVC.swift in Sources */ = {isa = PBXBuildFile; fileRef = 396D303F27956E0300BC768B /* HomeCompletedTVC.swift */; };
		396D304227956E0300BC768B /* HomeCompletedTVC.xib in Resources */ = {isa = PBXBuildFile; fileRef = 396D304027956E0300BC768B /* HomeCompletedTVC.xib */; };
		396D304627973FD600BC768B /* ModuleCompletedVC.swift in Sources */ = {isa = PBXBuildFile; fileRef = 396D304527973FD600BC768B /* ModuleCompletedVC.swift */; };
		396D3049279F7F4E00BC768B /* OtherMCQTVC.swift in Sources */ = {isa = PBXBuildFile; fileRef = 396D3047279F7F4E00BC768B /* OtherMCQTVC.swift */; };
		396D304A279F7F4F00BC768B /* OtherMCQTVC.xib in Resources */ = {isa = PBXBuildFile; fileRef = 396D3048279F7F4E00BC768B /* OtherMCQTVC.xib */; };
		396D304D279F8A0100BC768B /* OtherTVC.swift in Sources */ = {isa = PBXBuildFile; fileRef = 396D304B279F8A0000BC768B /* OtherTVC.swift */; };
		396D304E279F8A0100BC768B /* OtherTVC.xib in Resources */ = {isa = PBXBuildFile; fileRef = 396D304C279F8A0000BC768B /* OtherTVC.xib */; };
		398B608227C1A08B00EE3B88 /* UITableView+Extentions.swift in Sources */ = {isa = PBXBuildFile; fileRef = 398B608127C1A08B00EE3B88 /* UITableView+Extentions.swift */; };
		398C3B71273DB78000504A5F /* SettingVC.swift in Sources */ = {isa = PBXBuildFile; fileRef = 398C3B70273DB78000504A5F /* SettingVC.swift */; };
		398C3B74274185DD00504A5F /* FooterTVC.swift in Sources */ = {isa = PBXBuildFile; fileRef = 398C3B72274185DD00504A5F /* FooterTVC.swift */; };
		398C3B75274185DD00504A5F /* FooterTVC.xib in Resources */ = {isa = PBXBuildFile; fileRef = 398C3B73274185DD00504A5F /* FooterTVC.xib */; };
		398C3B7827418BE400504A5F /* StaticClasses.swift in Sources */ = {isa = PBXBuildFile; fileRef = 398C3B7727418BE400504A5F /* StaticClasses.swift */; };
		398C3B7B2741BE5300504A5F /* ReleaseDateTVC.swift in Sources */ = {isa = PBXBuildFile; fileRef = 398C3B792741BE5200504A5F /* ReleaseDateTVC.swift */; };
		398C3B7C2741BE5300504A5F /* ReleaseDateTVC.xib in Resources */ = {isa = PBXBuildFile; fileRef = 398C3B7A2741BE5200504A5F /* ReleaseDateTVC.xib */; };
		398C3B7E2757F90400504A5F /* UserSurvey.swift in Sources */ = {isa = PBXBuildFile; fileRef = 398C3B7D2757F90400504A5F /* UserSurvey.swift */; };
		3993358A275835F5006F9C11 /* Module.swift in Sources */ = {isa = PBXBuildFile; fileRef = 39933589275835F5006F9C11 /* Module.swift */; };
		3993358C2758367D006F9C11 /* Question.swift in Sources */ = {isa = PBXBuildFile; fileRef = 3993358B2758367D006F9C11 /* Question.swift */; };
		3993358F275855AD006F9C11 /* Helper.swift in Sources */ = {isa = PBXBuildFile; fileRef = 3993358E275855AD006F9C11 /* Helper.swift */; };
		39933591276910A7006F9C11 /* Answer.swift in Sources */ = {isa = PBXBuildFile; fileRef = 39933590276910A6006F9C11 /* Answer.swift */; };
		39B1F8C327DB0CF60079B5C3 /* VoiceTVC.swift in Sources */ = {isa = PBXBuildFile; fileRef = 39B1F8C127DB0CF60079B5C3 /* VoiceTVC.swift */; };
		39B1F8C427DB0CF60079B5C3 /* VoiceTVC.xib in Resources */ = {isa = PBXBuildFile; fileRef = 39B1F8C227DB0CF60079B5C3 /* VoiceTVC.xib */; };
		39C53F7D27BC09C200D42EA5 /* DeadCode.swift in Sources */ = {isa = PBXBuildFile; fileRef = 39C53F7C27BC09C200D42EA5 /* DeadCode.swift */; };
		39C53F8027BC2A6900D42EA5 /* GridSatisfyTVC.swift in Sources */ = {isa = PBXBuildFile; fileRef = 39C53F7E27BC2A6800D42EA5 /* GridSatisfyTVC.swift */; };
		39C53F8127BC2A6900D42EA5 /* GridSatisfyTVC.xib in Resources */ = {isa = PBXBuildFile; fileRef = 39C53F7F27BC2A6800D42EA5 /* GridSatisfyTVC.xib */; };
		39DE96DF27E8F15D00671978 /* DatePickerTVC.swift in Sources */ = {isa = PBXBuildFile; fileRef = 39DE96DD27E8F15D00671978 /* DatePickerTVC.swift */; };
		39DE96E027E8F15D00671978 /* DatePickerTVC.xib in Resources */ = {isa = PBXBuildFile; fileRef = 39DE96DE27E8F15D00671978 /* DatePickerTVC.xib */; };
		39DE96E327EA343600671978 /* TextViewTVC.swift in Sources */ = {isa = PBXBuildFile; fileRef = 39DE96E127EA343600671978 /* TextViewTVC.swift */; };
		39DE96E427EA343600671978 /* TextViewTVC.xib in Resources */ = {isa = PBXBuildFile; fileRef = 39DE96E227EA343600671978 /* TextViewTVC.xib */; };
		480D8096BB2C2979A85740C5 /* Pods_Research_Survey_Research_SurveyUITests.framework in Frameworks */ = {isa = PBXBuildFile; fileRef = EC4ADEEECB83C224014677AC /* Pods_Research_Survey_Research_SurveyUITests.framework */; };
		5C0E7C7A59A73E7EA2CCCED6 /* Pods_Research_Survey.framework in Frameworks */ = {isa = PBXBuildFile; fileRef = A0BB0ED62E8F2A1525C4FB64 /* Pods_Research_Survey.framework */; };
/* End PBXBuildFile section */

/* Begin PBXContainerItemProxy section */
		3946BF09272AF7A5005DFFC2 /* PBXContainerItemProxy */ = {
			isa = PBXContainerItemProxy;
			containerPortal = 3946BEEA272AF7A1005DFFC2 /* Project object */;
			proxyType = 1;
			remoteGlobalIDString = 3946BEF1272AF7A1005DFFC2;
			remoteInfo = "Research Survey";
		};
		3946BF14272AF7A5005DFFC2 /* PBXContainerItemProxy */ = {
			isa = PBXContainerItemProxy;
			containerPortal = 3946BEEA272AF7A1005DFFC2 /* Project object */;
			proxyType = 1;
			remoteGlobalIDString = 3946BEF1272AF7A1005DFFC2;
			remoteInfo = "Research Survey";
		};
/* End PBXContainerItemProxy section */

/* Begin PBXFileReference section */
		19A41025FAEA6946A460A2CA /* Pods-Research SurveyTests.debug.xcconfig */ = {isa = PBXFileReference; includeInIndex = 1; lastKnownFileType = text.xcconfig; name = "Pods-Research SurveyTests.debug.xcconfig"; path = "Target Support Files/Pods-Research SurveyTests/Pods-Research SurveyTests.debug.xcconfig"; sourceTree = "<group>"; };
		283DD68ED5FF949B0E788834 /* Pods-Research Survey.debug.xcconfig */ = {isa = PBXFileReference; includeInIndex = 1; lastKnownFileType = text.xcconfig; name = "Pods-Research Survey.debug.xcconfig"; path = "Target Support Files/Pods-Research Survey/Pods-Research Survey.debug.xcconfig"; sourceTree = "<group>"; };
		391F073227C181E500969BBF /* UIFont+Extentions.swift */ = {isa = PBXFileReference; lastKnownFileType = sourcecode.swift; path = "UIFont+Extentions.swift"; sourceTree = "<group>"; };
		391FA1A027DA6ECF00A51863 /* GoogleService-Info.plist */ = {isa = PBXFileReference; fileEncoding = 4; lastKnownFileType = text.plist.xml; path = "GoogleService-Info.plist"; sourceTree = "<group>"; };
		392853F027EC23C400A01979 /* Question+CoreDataProperties.swift */ = {isa = PBXFileReference; lastKnownFileType = sourcecode.swift; name = "Question+CoreDataProperties.swift"; path = "/Users/JunaidZaidi/Documents/GitHub/Survey-App-RA/Research Survey/Models/Question+CoreDataProperties.swift"; sourceTree = "<absolute>"; };
		392853F127EC23C400A01979 /* Module+CoreDataProperties.swift */ = {isa = PBXFileReference; lastKnownFileType = sourcecode.swift; name = "Module+CoreDataProperties.swift"; path = "/Users/JunaidZaidi/Documents/GitHub/Survey-App-RA/Research Survey/Models/Module+CoreDataProperties.swift"; sourceTree = "<absolute>"; };
		392853F227EC23C400A01979 /* Answer+CoreDataClass.swift */ = {isa = PBXFileReference; lastKnownFileType = sourcecode.swift; name = "Answer+CoreDataClass.swift"; path = "/Users/JunaidZaidi/Documents/GitHub/Survey-App-RA/Research Survey/Models/Answer+CoreDataClass.swift"; sourceTree = "<absolute>"; };
		392853F327EC23C400A01979 /* Answer+CoreDataProperties.swift */ = {isa = PBXFileReference; lastKnownFileType = sourcecode.swift; name = "Answer+CoreDataProperties.swift"; path = "/Users/JunaidZaidi/Documents/GitHub/Survey-App-RA/Research Survey/Models/Answer+CoreDataProperties.swift"; sourceTree = "<absolute>"; };
		392853F427EC23C500A01979 /* Question+CoreDataClass.swift */ = {isa = PBXFileReference; lastKnownFileType = sourcecode.swift; name = "Question+CoreDataClass.swift"; path = "/Users/JunaidZaidi/Documents/GitHub/Survey-App-RA/Research Survey/Models/Question+CoreDataClass.swift"; sourceTree = "<absolute>"; };
		392853F527EC23C500A01979 /* Module+CoreDataClass.swift */ = {isa = PBXFileReference; lastKnownFileType = sourcecode.swift; name = "Module+CoreDataClass.swift"; path = "/Users/JunaidZaidi/Documents/GitHub/Survey-App-RA/Research Survey/Models/Module+CoreDataClass.swift"; sourceTree = "<absolute>"; };
		39376AC827ED11B3009EFCF0 /* SplashVC.swift */ = {isa = PBXFileReference; lastKnownFileType = sourcecode.swift; path = SplashVC.swift; sourceTree = "<group>"; };
		39396DA027EBA4AD00B46233 /* HelpVC.swift */ = {isa = PBXFileReference; lastKnownFileType = sourcecode.swift; path = HelpVC.swift; sourceTree = "<group>"; };
		39396DA227EBA4C200B46233 /* DataPrivacyVC.swift */ = {isa = PBXFileReference; lastKnownFileType = sourcecode.swift; path = DataPrivacyVC.swift; sourceTree = "<group>"; };
		39396DA427EBA4CF00B46233 /* FeedbackVC.swift */ = {isa = PBXFileReference; lastKnownFileType = sourcecode.swift; path = FeedbackVC.swift; sourceTree = "<group>"; };
		3946BEF2272AF7A1005DFFC2 /* Research Survey.app */ = {isa = PBXFileReference; explicitFileType = wrapper.application; includeInIndex = 0; path = "Research Survey.app"; sourceTree = BUILT_PRODUCTS_DIR; };
		3946BEF5272AF7A1005DFFC2 /* AppDelegate.swift */ = {isa = PBXFileReference; lastKnownFileType = sourcecode.swift; path = AppDelegate.swift; sourceTree = "<group>"; };
		3946BEFC272AF7A1005DFFC2 /* Base */ = {isa = PBXFileReference; lastKnownFileType = file.storyboard; name = Base; path = Base.lproj/Main.storyboard; sourceTree = "<group>"; };
		3946BEFE272AF7A5005DFFC2 /* Assets.xcassets */ = {isa = PBXFileReference; lastKnownFileType = folder.assetcatalog; path = Assets.xcassets; sourceTree = "<group>"; };
		3946BF01272AF7A5005DFFC2 /* Base */ = {isa = PBXFileReference; lastKnownFileType = file.storyboard; name = Base; path = Base.lproj/LaunchScreen.storyboard; sourceTree = "<group>"; };
		3946BF03272AF7A5005DFFC2 /* Info.plist */ = {isa = PBXFileReference; lastKnownFileType = text.plist.xml; path = Info.plist; sourceTree = "<group>"; };
		3946BF08272AF7A5005DFFC2 /* Research SurveyTests.xctest */ = {isa = PBXFileReference; explicitFileType = wrapper.cfbundle; includeInIndex = 0; path = "Research SurveyTests.xctest"; sourceTree = BUILT_PRODUCTS_DIR; };
		3946BF0C272AF7A5005DFFC2 /* Research_SurveyTests.swift */ = {isa = PBXFileReference; lastKnownFileType = sourcecode.swift; path = Research_SurveyTests.swift; sourceTree = "<group>"; };
		3946BF0E272AF7A5005DFFC2 /* Info.plist */ = {isa = PBXFileReference; lastKnownFileType = text.plist.xml; path = Info.plist; sourceTree = "<group>"; };
		3946BF13272AF7A5005DFFC2 /* Research SurveyUITests.xctest */ = {isa = PBXFileReference; explicitFileType = wrapper.cfbundle; includeInIndex = 0; path = "Research SurveyUITests.xctest"; sourceTree = BUILT_PRODUCTS_DIR; };
		3946BF17272AF7A5005DFFC2 /* Research_SurveyUITests.swift */ = {isa = PBXFileReference; lastKnownFileType = sourcecode.swift; path = Research_SurveyUITests.swift; sourceTree = "<group>"; };
		3946BF19272AF7A5005DFFC2 /* Info.plist */ = {isa = PBXFileReference; lastKnownFileType = text.plist.xml; path = Info.plist; sourceTree = "<group>"; };
		3946BF27272AFC1C005DFFC2 /* LogInVC.swift */ = {isa = PBXFileReference; lastKnownFileType = sourcecode.swift; name = LogInVC.swift; path = "Research Survey/ViewControllers/LogInVC.swift"; sourceTree = SOURCE_ROOT; };
		3946BF29272AFD8F005DFFC2 /* HomeVC.swift */ = {isa = PBXFileReference; lastKnownFileType = sourcecode.swift; path = HomeVC.swift; sourceTree = "<group>"; };
		3946BF2D272AFEAF005DFFC2 /* HomeTVC.swift */ = {isa = PBXFileReference; lastKnownFileType = sourcecode.swift; path = HomeTVC.swift; sourceTree = "<group>"; };
		3946BF2E272AFEAF005DFFC2 /* HomeTVC.xib */ = {isa = PBXFileReference; lastKnownFileType = file.xib; path = HomeTVC.xib; sourceTree = "<group>"; };
		3946BF3A272B0861005DFFC2 /* UIView+Extentions.swift */ = {isa = PBXFileReference; fileEncoding = 4; lastKnownFileType = sourcecode.swift; path = "UIView+Extentions.swift"; sourceTree = "<group>"; };
		3946BF3B272B0861005DFFC2 /* UIColor+Extentions.swift */ = {isa = PBXFileReference; fileEncoding = 4; lastKnownFileType = sourcecode.swift; path = "UIColor+Extentions.swift"; sourceTree = "<group>"; };
		3946BF3C272B0861005DFFC2 /* UIViewController + Extension.swift */ = {isa = PBXFileReference; fileEncoding = 4; lastKnownFileType = sourcecode.swift; path = "UIViewController + Extension.swift"; sourceTree = "<group>"; };
		3946BF40272DF8CA005DFFC2 /* QuestionVC.swift */ = {isa = PBXFileReference; lastKnownFileType = sourcecode.swift; path = QuestionVC.swift; sourceTree = "<group>"; };
		3946BF46272E0D3F005DFFC2 /* BestChoiceTVC.swift */ = {isa = PBXFileReference; lastKnownFileType = sourcecode.swift; path = BestChoiceTVC.swift; sourceTree = "<group>"; };
		3946BF47272E0D3F005DFFC2 /* BestChoiceTVC.xib */ = {isa = PBXFileReference; lastKnownFileType = file.xib; path = BestChoiceTVC.xib; sourceTree = "<group>"; };
		3946BF4A272E0D5A005DFFC2 /* MultipleChoiceTVC.swift */ = {isa = PBXFileReference; lastKnownFileType = sourcecode.swift; path = MultipleChoiceTVC.swift; sourceTree = "<group>"; };
		3946BF4B272E0D5A005DFFC2 /* MultipleChoiceTVC.xib */ = {isa = PBXFileReference; lastKnownFileType = file.xib; path = MultipleChoiceTVC.xib; sourceTree = "<group>"; };
		3946BF4E272E0D6E005DFFC2 /* TextTVC.swift */ = {isa = PBXFileReference; lastKnownFileType = sourcecode.swift; path = TextTVC.swift; sourceTree = "<group>"; };
		3946BF4F272E0D6E005DFFC2 /* TextTVC.xib */ = {isa = PBXFileReference; lastKnownFileType = file.xib; path = TextTVC.xib; sourceTree = "<group>"; };
		3946BF52272E0D7F005DFFC2 /* NumericTVC.swift */ = {isa = PBXFileReference; lastKnownFileType = sourcecode.swift; path = NumericTVC.swift; sourceTree = "<group>"; };
		3946BF53272E0D7F005DFFC2 /* NumericTVC.xib */ = {isa = PBXFileReference; lastKnownFileType = file.xib; path = NumericTVC.xib; sourceTree = "<group>"; };
		396C5A93277A904800B367C0 /* Model.xcdatamodel */ = {isa = PBXFileReference; lastKnownFileType = wrapper.xcdatamodel; path = Model.xcdatamodel; sourceTree = "<group>"; };
		396D303F27956E0300BC768B /* HomeCompletedTVC.swift */ = {isa = PBXFileReference; lastKnownFileType = sourcecode.swift; path = HomeCompletedTVC.swift; sourceTree = "<group>"; };
		396D304027956E0300BC768B /* HomeCompletedTVC.xib */ = {isa = PBXFileReference; lastKnownFileType = file.xib; path = HomeCompletedTVC.xib; sourceTree = "<group>"; };
		396D304527973FD600BC768B /* ModuleCompletedVC.swift */ = {isa = PBXFileReference; lastKnownFileType = sourcecode.swift; path = ModuleCompletedVC.swift; sourceTree = "<group>"; };
		396D3047279F7F4E00BC768B /* OtherMCQTVC.swift */ = {isa = PBXFileReference; lastKnownFileType = sourcecode.swift; path = OtherMCQTVC.swift; sourceTree = "<group>"; };
		396D3048279F7F4E00BC768B /* OtherMCQTVC.xib */ = {isa = PBXFileReference; lastKnownFileType = file.xib; path = OtherMCQTVC.xib; sourceTree = "<group>"; };
		396D304B279F8A0000BC768B /* OtherTVC.swift */ = {isa = PBXFileReference; lastKnownFileType = sourcecode.swift; path = OtherTVC.swift; sourceTree = "<group>"; };
		396D304C279F8A0000BC768B /* OtherTVC.xib */ = {isa = PBXFileReference; lastKnownFileType = file.xib; path = OtherTVC.xib; sourceTree = "<group>"; };
		398B608127C1A08B00EE3B88 /* UITableView+Extentions.swift */ = {isa = PBXFileReference; lastKnownFileType = sourcecode.swift; path = "UITableView+Extentions.swift"; sourceTree = "<group>"; };
		398C3B70273DB78000504A5F /* SettingVC.swift */ = {isa = PBXFileReference; lastKnownFileType = sourcecode.swift; path = SettingVC.swift; sourceTree = "<group>"; };
		398C3B72274185DD00504A5F /* FooterTVC.swift */ = {isa = PBXFileReference; lastKnownFileType = sourcecode.swift; path = FooterTVC.swift; sourceTree = "<group>"; };
		398C3B73274185DD00504A5F /* FooterTVC.xib */ = {isa = PBXFileReference; lastKnownFileType = file.xib; path = FooterTVC.xib; sourceTree = "<group>"; };
		398C3B7727418BE400504A5F /* StaticClasses.swift */ = {isa = PBXFileReference; lastKnownFileType = sourcecode.swift; path = StaticClasses.swift; sourceTree = "<group>"; };
		398C3B792741BE5200504A5F /* ReleaseDateTVC.swift */ = {isa = PBXFileReference; lastKnownFileType = sourcecode.swift; path = ReleaseDateTVC.swift; sourceTree = "<group>"; };
		398C3B7A2741BE5200504A5F /* ReleaseDateTVC.xib */ = {isa = PBXFileReference; lastKnownFileType = file.xib; path = ReleaseDateTVC.xib; sourceTree = "<group>"; };
		398C3B7D2757F90400504A5F /* UserSurvey.swift */ = {isa = PBXFileReference; lastKnownFileType = sourcecode.swift; path = UserSurvey.swift; sourceTree = "<group>"; };
		39933589275835F5006F9C11 /* Module.swift */ = {isa = PBXFileReference; lastKnownFileType = sourcecode.swift; path = Module.swift; sourceTree = "<group>"; };
		3993358B2758367D006F9C11 /* Question.swift */ = {isa = PBXFileReference; lastKnownFileType = sourcecode.swift; path = Question.swift; sourceTree = "<group>"; };
		3993358E275855AD006F9C11 /* Helper.swift */ = {isa = PBXFileReference; lastKnownFileType = sourcecode.swift; path = Helper.swift; sourceTree = "<group>"; };
		39933590276910A6006F9C11 /* Answer.swift */ = {isa = PBXFileReference; lastKnownFileType = sourcecode.swift; path = Answer.swift; sourceTree = "<group>"; };
		39B1F8C127DB0CF60079B5C3 /* VoiceTVC.swift */ = {isa = PBXFileReference; lastKnownFileType = sourcecode.swift; path = VoiceTVC.swift; sourceTree = "<group>"; };
		39B1F8C227DB0CF60079B5C3 /* VoiceTVC.xib */ = {isa = PBXFileReference; lastKnownFileType = file.xib; path = VoiceTVC.xib; sourceTree = "<group>"; };
		39C53F7C27BC09C200D42EA5 /* DeadCode.swift */ = {isa = PBXFileReference; lastKnownFileType = sourcecode.swift; path = DeadCode.swift; sourceTree = "<group>"; };
		39C53F7E27BC2A6800D42EA5 /* GridSatisfyTVC.swift */ = {isa = PBXFileReference; lastKnownFileType = sourcecode.swift; path = GridSatisfyTVC.swift; sourceTree = "<group>"; };
		39C53F7F27BC2A6800D42EA5 /* GridSatisfyTVC.xib */ = {isa = PBXFileReference; lastKnownFileType = file.xib; path = GridSatisfyTVC.xib; sourceTree = "<group>"; };
		39DE96DD27E8F15D00671978 /* DatePickerTVC.swift */ = {isa = PBXFileReference; lastKnownFileType = sourcecode.swift; path = DatePickerTVC.swift; sourceTree = "<group>"; };
		39DE96DE27E8F15D00671978 /* DatePickerTVC.xib */ = {isa = PBXFileReference; lastKnownFileType = file.xib; path = DatePickerTVC.xib; sourceTree = "<group>"; };
		39DE96E127EA343600671978 /* TextViewTVC.swift */ = {isa = PBXFileReference; lastKnownFileType = sourcecode.swift; path = TextViewTVC.swift; sourceTree = "<group>"; };
		39DE96E227EA343600671978 /* TextViewTVC.xib */ = {isa = PBXFileReference; lastKnownFileType = file.xib; path = TextViewTVC.xib; sourceTree = "<group>"; };
		4331F9503D72095DEFCD7791 /* Pods-Research SurveyTests.release.xcconfig */ = {isa = PBXFileReference; includeInIndex = 1; lastKnownFileType = text.xcconfig; name = "Pods-Research SurveyTests.release.xcconfig"; path = "Target Support Files/Pods-Research SurveyTests/Pods-Research SurveyTests.release.xcconfig"; sourceTree = "<group>"; };
		7F9BCED748D84BDAC4DF7B01 /* Pods-Research Survey-Research SurveyUITests.debug.xcconfig */ = {isa = PBXFileReference; includeInIndex = 1; lastKnownFileType = text.xcconfig; name = "Pods-Research Survey-Research SurveyUITests.debug.xcconfig"; path = "Target Support Files/Pods-Research Survey-Research SurveyUITests/Pods-Research Survey-Research SurveyUITests.debug.xcconfig"; sourceTree = "<group>"; };
		85309D97AB53246AC6713A9E /* Pods_Research_SurveyTests.framework */ = {isa = PBXFileReference; explicitFileType = wrapper.framework; includeInIndex = 0; path = Pods_Research_SurveyTests.framework; sourceTree = BUILT_PRODUCTS_DIR; };
		A0BB0ED62E8F2A1525C4FB64 /* Pods_Research_Survey.framework */ = {isa = PBXFileReference; explicitFileType = wrapper.framework; includeInIndex = 0; path = Pods_Research_Survey.framework; sourceTree = BUILT_PRODUCTS_DIR; };
		C7203A81E122D6FDF6FDC9CE /* Pods-Research Survey-Research SurveyUITests.release.xcconfig */ = {isa = PBXFileReference; includeInIndex = 1; lastKnownFileType = text.xcconfig; name = "Pods-Research Survey-Research SurveyUITests.release.xcconfig"; path = "Target Support Files/Pods-Research Survey-Research SurveyUITests/Pods-Research Survey-Research SurveyUITests.release.xcconfig"; sourceTree = "<group>"; };
		EC4ADEEECB83C224014677AC /* Pods_Research_Survey_Research_SurveyUITests.framework */ = {isa = PBXFileReference; explicitFileType = wrapper.framework; includeInIndex = 0; path = Pods_Research_Survey_Research_SurveyUITests.framework; sourceTree = BUILT_PRODUCTS_DIR; };
		F100E578F8BC75FAB4C2CE06 /* Pods-Research Survey.release.xcconfig */ = {isa = PBXFileReference; includeInIndex = 1; lastKnownFileType = text.xcconfig; name = "Pods-Research Survey.release.xcconfig"; path = "Target Support Files/Pods-Research Survey/Pods-Research Survey.release.xcconfig"; sourceTree = "<group>"; };
/* End PBXFileReference section */

/* Begin PBXFrameworksBuildPhase section */
		3946BEEF272AF7A1005DFFC2 /* Frameworks */ = {
			isa = PBXFrameworksBuildPhase;
			buildActionMask = 2147483647;
			files = (
				5C0E7C7A59A73E7EA2CCCED6 /* Pods_Research_Survey.framework in Frameworks */,
			);
			runOnlyForDeploymentPostprocessing = 0;
		};
		3946BF05272AF7A5005DFFC2 /* Frameworks */ = {
			isa = PBXFrameworksBuildPhase;
			buildActionMask = 2147483647;
			files = (
				2F48253F75644F55DDE44613 /* Pods_Research_SurveyTests.framework in Frameworks */,
			);
			runOnlyForDeploymentPostprocessing = 0;
		};
		3946BF10272AF7A5005DFFC2 /* Frameworks */ = {
			isa = PBXFrameworksBuildPhase;
			buildActionMask = 2147483647;
			files = (
				480D8096BB2C2979A85740C5 /* Pods_Research_Survey_Research_SurveyUITests.framework in Frameworks */,
			);
			runOnlyForDeploymentPostprocessing = 0;
		};
/* End PBXFrameworksBuildPhase section */

/* Begin PBXGroup section */
		3946BEE9272AF7A1005DFFC2 = {
			isa = PBXGroup;
			children = (
				3946BEF4272AF7A1005DFFC2 /* Research Survey */,
				3946BF0B272AF7A5005DFFC2 /* Research SurveyTests */,
				3946BF16272AF7A5005DFFC2 /* Research SurveyUITests */,
				3946BEF3272AF7A1005DFFC2 /* Products */,
				F3AAB559B58A0CE2FF354D21 /* Pods */,
				D1D2E6C0217903FD4B2D0F52 /* Frameworks */,
			);
			sourceTree = "<group>";
		};
		3946BEF3272AF7A1005DFFC2 /* Products */ = {
			isa = PBXGroup;
			children = (
				3946BEF2272AF7A1005DFFC2 /* Research Survey.app */,
				3946BF08272AF7A5005DFFC2 /* Research SurveyTests.xctest */,
				3946BF13272AF7A5005DFFC2 /* Research SurveyUITests.xctest */,
			);
			name = Products;
			sourceTree = "<group>";
		};
		3946BEF4272AF7A1005DFFC2 /* Research Survey */ = {
			isa = PBXGroup;
			children = (
				3993358D2758559B006F9C11 /* Helper */,
				3946BF39272B07FF005DFFC2 /* Extensions */,
				3946BF2B272AFE44005DFFC2 /* Views */,
				3946BF26272AFBF9005DFFC2 /* ViewControllers */,
				3946BF25272AFBF3005DFFC2 /* Models */,
				3946BEF5272AF7A1005DFFC2 /* AppDelegate.swift */,
				3946BEFB272AF7A1005DFFC2 /* Main.storyboard */,
				3946BEFE272AF7A5005DFFC2 /* Assets.xcassets */,
				3946BF00272AF7A5005DFFC2 /* LaunchScreen.storyboard */,
				3946BF03272AF7A5005DFFC2 /* Info.plist */,
				396C5A92277A904800B367C0 /* Model.xcdatamodeld */,
				391FA1A027DA6ECF00A51863 /* GoogleService-Info.plist */,
			);
			path = "Research Survey";
			sourceTree = "<group>";
		};
		3946BF0B272AF7A5005DFFC2 /* Research SurveyTests */ = {
			isa = PBXGroup;
			children = (
				3946BF0C272AF7A5005DFFC2 /* Research_SurveyTests.swift */,
				3946BF0E272AF7A5005DFFC2 /* Info.plist */,
			);
			path = "Research SurveyTests";
			sourceTree = "<group>";
		};
		3946BF16272AF7A5005DFFC2 /* Research SurveyUITests */ = {
			isa = PBXGroup;
			children = (
				3946BF17272AF7A5005DFFC2 /* Research_SurveyUITests.swift */,
				3946BF19272AF7A5005DFFC2 /* Info.plist */,
			);
			path = "Research SurveyUITests";
			sourceTree = "<group>";
		};
		3946BF25272AFBF3005DFFC2 /* Models */ = {
			isa = PBXGroup;
			children = (
				392853F227EC23C400A01979 /* Answer+CoreDataClass.swift */,
				392853F327EC23C400A01979 /* Answer+CoreDataProperties.swift */,
				392853F527EC23C500A01979 /* Module+CoreDataClass.swift */,
				392853F127EC23C400A01979 /* Module+CoreDataProperties.swift */,
				392853F427EC23C500A01979 /* Question+CoreDataClass.swift */,
				392853F027EC23C400A01979 /* Question+CoreDataProperties.swift */,
				398C3B7727418BE400504A5F /* StaticClasses.swift */,
				398C3B7D2757F90400504A5F /* UserSurvey.swift */,
				39933589275835F5006F9C11 /* Module.swift */,
				3993358B2758367D006F9C11 /* Question.swift */,
				39933590276910A6006F9C11 /* Answer.swift */,
			);
			path = Models;
			sourceTree = "<group>";
		};
		3946BF26272AFBF9005DFFC2 /* ViewControllers */ = {
			isa = PBXGroup;
			children = (
				3946BF27272AFC1C005DFFC2 /* LogInVC.swift */,
				3946BF29272AFD8F005DFFC2 /* HomeVC.swift */,
				3946BF40272DF8CA005DFFC2 /* QuestionVC.swift */,
				398C3B70273DB78000504A5F /* SettingVC.swift */,
				396D304527973FD600BC768B /* ModuleCompletedVC.swift */,
				39396DA027EBA4AD00B46233 /* HelpVC.swift */,
				39396DA227EBA4C200B46233 /* DataPrivacyVC.swift */,
				39396DA427EBA4CF00B46233 /* FeedbackVC.swift */,
				39376AC827ED11B3009EFCF0 /* SplashVC.swift */,
			);
			path = ViewControllers;
			sourceTree = "<group>";
		};
		3946BF2B272AFE44005DFFC2 /* Views */ = {
			isa = PBXGroup;
			children = (
				398C3B76274187ED00504A5F /* Footer */,
				3946BF2C272AFE5C005DFFC2 /* TableViewCells */,
			);
			path = Views;
			sourceTree = "<group>";
		};
		3946BF2C272AFE5C005DFFC2 /* TableViewCells */ = {
			isa = PBXGroup;
			children = (
				3946BF2D272AFEAF005DFFC2 /* HomeTVC.swift */,
				3946BF2E272AFEAF005DFFC2 /* HomeTVC.xib */,
				3946BF46272E0D3F005DFFC2 /* BestChoiceTVC.swift */,
				3946BF47272E0D3F005DFFC2 /* BestChoiceTVC.xib */,
				3946BF4A272E0D5A005DFFC2 /* MultipleChoiceTVC.swift */,
				3946BF4B272E0D5A005DFFC2 /* MultipleChoiceTVC.xib */,
				3946BF4E272E0D6E005DFFC2 /* TextTVC.swift */,
				3946BF4F272E0D6E005DFFC2 /* TextTVC.xib */,
				3946BF52272E0D7F005DFFC2 /* NumericTVC.swift */,
				3946BF53272E0D7F005DFFC2 /* NumericTVC.xib */,
				398C3B72274185DD00504A5F /* FooterTVC.swift */,
				398C3B73274185DD00504A5F /* FooterTVC.xib */,
				398C3B792741BE5200504A5F /* ReleaseDateTVC.swift */,
				398C3B7A2741BE5200504A5F /* ReleaseDateTVC.xib */,
				396D303F27956E0300BC768B /* HomeCompletedTVC.swift */,
				396D304027956E0300BC768B /* HomeCompletedTVC.xib */,
				396D3047279F7F4E00BC768B /* OtherMCQTVC.swift */,
				396D3048279F7F4E00BC768B /* OtherMCQTVC.xib */,
				396D304B279F8A0000BC768B /* OtherTVC.swift */,
				396D304C279F8A0000BC768B /* OtherTVC.xib */,
				39C53F7E27BC2A6800D42EA5 /* GridSatisfyTVC.swift */,
				39C53F7F27BC2A6800D42EA5 /* GridSatisfyTVC.xib */,
				39B1F8C127DB0CF60079B5C3 /* VoiceTVC.swift */,
				39B1F8C227DB0CF60079B5C3 /* VoiceTVC.xib */,
				39DE96DD27E8F15D00671978 /* DatePickerTVC.swift */,
				39DE96DE27E8F15D00671978 /* DatePickerTVC.xib */,
				39DE96E127EA343600671978 /* TextViewTVC.swift */,
				39DE96E227EA343600671978 /* TextViewTVC.xib */,
			);
			path = TableViewCells;
			sourceTree = "<group>";
		};
		3946BF39272B07FF005DFFC2 /* Extensions */ = {
			isa = PBXGroup;
			children = (
				3946BF3B272B0861005DFFC2 /* UIColor+Extentions.swift */,
				3946BF3A272B0861005DFFC2 /* UIView+Extentions.swift */,
				3946BF3C272B0861005DFFC2 /* UIViewController + Extension.swift */,
				391F073227C181E500969BBF /* UIFont+Extentions.swift */,
				398B608127C1A08B00EE3B88 /* UITableView+Extentions.swift */,
			);
			path = Extensions;
			sourceTree = "<group>";
		};
		398C3B76274187ED00504A5F /* Footer */ = {
			isa = PBXGroup;
			children = (
			);
			path = Footer;
			sourceTree = "<group>";
		};
		3993358D2758559B006F9C11 /* Helper */ = {
			isa = PBXGroup;
			children = (
				3993358E275855AD006F9C11 /* Helper.swift */,
				39C53F7C27BC09C200D42EA5 /* DeadCode.swift */,
			);
			path = Helper;
			sourceTree = "<group>";
		};
		D1D2E6C0217903FD4B2D0F52 /* Frameworks */ = {
			isa = PBXGroup;
			children = (
				A0BB0ED62E8F2A1525C4FB64 /* Pods_Research_Survey.framework */,
				EC4ADEEECB83C224014677AC /* Pods_Research_Survey_Research_SurveyUITests.framework */,
				85309D97AB53246AC6713A9E /* Pods_Research_SurveyTests.framework */,
			);
			name = Frameworks;
			sourceTree = "<group>";
		};
		F3AAB559B58A0CE2FF354D21 /* Pods */ = {
			isa = PBXGroup;
			children = (
				283DD68ED5FF949B0E788834 /* Pods-Research Survey.debug.xcconfig */,
				F100E578F8BC75FAB4C2CE06 /* Pods-Research Survey.release.xcconfig */,
				7F9BCED748D84BDAC4DF7B01 /* Pods-Research Survey-Research SurveyUITests.debug.xcconfig */,
				C7203A81E122D6FDF6FDC9CE /* Pods-Research Survey-Research SurveyUITests.release.xcconfig */,
				19A41025FAEA6946A460A2CA /* Pods-Research SurveyTests.debug.xcconfig */,
				4331F9503D72095DEFCD7791 /* Pods-Research SurveyTests.release.xcconfig */,
			);
			path = Pods;
			sourceTree = "<group>";
		};
/* End PBXGroup section */

/* Begin PBXNativeTarget section */
		3946BEF1272AF7A1005DFFC2 /* Research Survey */ = {
			isa = PBXNativeTarget;
			buildConfigurationList = 3946BF1C272AF7A5005DFFC2 /* Build configuration list for PBXNativeTarget "Research Survey" */;
			buildPhases = (
				0707E43D85561FFCB5B361F6 /* [CP] Check Pods Manifest.lock */,
				3946BEEE272AF7A1005DFFC2 /* Sources */,
				3946BEEF272AF7A1005DFFC2 /* Frameworks */,
				3946BEF0272AF7A1005DFFC2 /* Resources */,
				B17F6147D9BA5231D6B3E8AB /* [CP] Embed Pods Frameworks */,
			);
			buildRules = (
			);
			dependencies = (
			);
			name = "Research Survey";
			productName = "Research Survey";
			productReference = 3946BEF2272AF7A1005DFFC2 /* Research Survey.app */;
			productType = "com.apple.product-type.application";
		};
		3946BF07272AF7A5005DFFC2 /* Research SurveyTests */ = {
			isa = PBXNativeTarget;
			buildConfigurationList = 3946BF1F272AF7A5005DFFC2 /* Build configuration list for PBXNativeTarget "Research SurveyTests" */;
			buildPhases = (
				B2F3AAF6D29B2023901ADF16 /* [CP] Check Pods Manifest.lock */,
				3946BF04272AF7A5005DFFC2 /* Sources */,
				3946BF05272AF7A5005DFFC2 /* Frameworks */,
				3946BF06272AF7A5005DFFC2 /* Resources */,
			);
			buildRules = (
			);
			dependencies = (
				3946BF0A272AF7A5005DFFC2 /* PBXTargetDependency */,
			);
			name = "Research SurveyTests";
			productName = "Research SurveyTests";
			productReference = 3946BF08272AF7A5005DFFC2 /* Research SurveyTests.xctest */;
			productType = "com.apple.product-type.bundle.unit-test";
		};
		3946BF12272AF7A5005DFFC2 /* Research SurveyUITests */ = {
			isa = PBXNativeTarget;
			buildConfigurationList = 3946BF22272AF7A5005DFFC2 /* Build configuration list for PBXNativeTarget "Research SurveyUITests" */;
			buildPhases = (
				94315F3DD5AAD2FDC0C29D31 /* [CP] Check Pods Manifest.lock */,
				3946BF0F272AF7A5005DFFC2 /* Sources */,
				3946BF10272AF7A5005DFFC2 /* Frameworks */,
				3946BF11272AF7A5005DFFC2 /* Resources */,
				57BE300434AD753FEEFF75E3 /* [CP] Embed Pods Frameworks */,
			);
			buildRules = (
			);
			dependencies = (
				3946BF15272AF7A5005DFFC2 /* PBXTargetDependency */,
			);
			name = "Research SurveyUITests";
			productName = "Research SurveyUITests";
			productReference = 3946BF13272AF7A5005DFFC2 /* Research SurveyUITests.xctest */;
			productType = "com.apple.product-type.bundle.ui-testing";
		};
/* End PBXNativeTarget section */

/* Begin PBXProject section */
		3946BEEA272AF7A1005DFFC2 /* Project object */ = {
			isa = PBXProject;
			attributes = {
				LastSwiftUpdateCheck = 1250;
				LastUpgradeCheck = 1250;
				TargetAttributes = {
					3946BEF1272AF7A1005DFFC2 = {
						CreatedOnToolsVersion = 12.5.1;
					};
					3946BF07272AF7A5005DFFC2 = {
						CreatedOnToolsVersion = 12.5.1;
						TestTargetID = 3946BEF1272AF7A1005DFFC2;
					};
					3946BF12272AF7A5005DFFC2 = {
						CreatedOnToolsVersion = 12.5.1;
						TestTargetID = 3946BEF1272AF7A1005DFFC2;
					};
				};
			};
			buildConfigurationList = 3946BEED272AF7A1005DFFC2 /* Build configuration list for PBXProject "Research Survey" */;
			compatibilityVersion = "Xcode 9.3";
			developmentRegion = en;
			hasScannedForEncodings = 0;
			knownRegions = (
				en,
				Base,
			);
			mainGroup = 3946BEE9272AF7A1005DFFC2;
			productRefGroup = 3946BEF3272AF7A1005DFFC2 /* Products */;
			projectDirPath = "";
			projectRoot = "";
			targets = (
				3946BEF1272AF7A1005DFFC2 /* Research Survey */,
				3946BF07272AF7A5005DFFC2 /* Research SurveyTests */,
				3946BF12272AF7A5005DFFC2 /* Research SurveyUITests */,
			);
		};
/* End PBXProject section */

/* Begin PBXResourcesBuildPhase section */
		3946BEF0272AF7A1005DFFC2 /* Resources */ = {
			isa = PBXResourcesBuildPhase;
			buildActionMask = 2147483647;
			files = (
				3946BF02272AF7A5005DFFC2 /* LaunchScreen.storyboard in Resources */,
				39DE96E027E8F15D00671978 /* DatePickerTVC.xib in Resources */,
				3946BEFF272AF7A5005DFFC2 /* Assets.xcassets in Resources */,
				391FA1A127DA6ED000A51863 /* GoogleService-Info.plist in Resources */,
				39C53F8127BC2A6900D42EA5 /* GridSatisfyTVC.xib in Resources */,
				398C3B75274185DD00504A5F /* FooterTVC.xib in Resources */,
				396D304E279F8A0100BC768B /* OtherTVC.xib in Resources */,
				396D304227956E0300BC768B /* HomeCompletedTVC.xib in Resources */,
				3946BF51272E0D6E005DFFC2 /* TextTVC.xib in Resources */,
				3946BF4D272E0D5A005DFFC2 /* MultipleChoiceTVC.xib in Resources */,
				3946BF30272AFEAF005DFFC2 /* HomeTVC.xib in Resources */,
				39B1F8C427DB0CF60079B5C3 /* VoiceTVC.xib in Resources */,
				398C3B7C2741BE5300504A5F /* ReleaseDateTVC.xib in Resources */,
				3946BF49272E0D3F005DFFC2 /* BestChoiceTVC.xib in Resources */,
				3946BEFD272AF7A1005DFFC2 /* Main.storyboard in Resources */,
				39DE96E427EA343600671978 /* TextViewTVC.xib in Resources */,
				3946BF55272E0D7F005DFFC2 /* NumericTVC.xib in Resources */,
				396D304A279F7F4F00BC768B /* OtherMCQTVC.xib in Resources */,
			);
			runOnlyForDeploymentPostprocessing = 0;
		};
		3946BF06272AF7A5005DFFC2 /* Resources */ = {
			isa = PBXResourcesBuildPhase;
			buildActionMask = 2147483647;
			files = (
			);
			runOnlyForDeploymentPostprocessing = 0;
		};
		3946BF11272AF7A5005DFFC2 /* Resources */ = {
			isa = PBXResourcesBuildPhase;
			buildActionMask = 2147483647;
			files = (
			);
			runOnlyForDeploymentPostprocessing = 0;
		};
/* End PBXResourcesBuildPhase section */

/* Begin PBXShellScriptBuildPhase section */
		0707E43D85561FFCB5B361F6 /* [CP] Check Pods Manifest.lock */ = {
			isa = PBXShellScriptBuildPhase;
			buildActionMask = 2147483647;
			files = (
			);
			inputFileListPaths = (
			);
			inputPaths = (
				"${PODS_PODFILE_DIR_PATH}/Podfile.lock",
				"${PODS_ROOT}/Manifest.lock",
			);
			name = "[CP] Check Pods Manifest.lock";
			outputFileListPaths = (
			);
			outputPaths = (
				"$(DERIVED_FILE_DIR)/Pods-Research Survey-checkManifestLockResult.txt",
			);
			runOnlyForDeploymentPostprocessing = 0;
			shellPath = /bin/sh;
			shellScript = "diff \"${PODS_PODFILE_DIR_PATH}/Podfile.lock\" \"${PODS_ROOT}/Manifest.lock\" > /dev/null\nif [ $? != 0 ] ; then\n    # print error to STDERR\n    echo \"error: The sandbox is not in sync with the Podfile.lock. Run 'pod install' or update your CocoaPods installation.\" >&2\n    exit 1\nfi\n# This output is used by Xcode 'outputs' to avoid re-running this script phase.\necho \"SUCCESS\" > \"${SCRIPT_OUTPUT_FILE_0}\"\n";
			showEnvVarsInLog = 0;
		};
		57BE300434AD753FEEFF75E3 /* [CP] Embed Pods Frameworks */ = {
			isa = PBXShellScriptBuildPhase;
			buildActionMask = 2147483647;
			files = (
			);
			inputFileListPaths = (
				"${PODS_ROOT}/Target Support Files/Pods-Research Survey-Research SurveyUITests/Pods-Research Survey-Research SurveyUITests-frameworks-${CONFIGURATION}-input-files.xcfilelist",
			);
			name = "[CP] Embed Pods Frameworks";
			outputFileListPaths = (
				"${PODS_ROOT}/Target Support Files/Pods-Research Survey-Research SurveyUITests/Pods-Research Survey-Research SurveyUITests-frameworks-${CONFIGURATION}-output-files.xcfilelist",
			);
			runOnlyForDeploymentPostprocessing = 0;
			shellPath = /bin/sh;
			shellScript = "\"${PODS_ROOT}/Target Support Files/Pods-Research Survey-Research SurveyUITests/Pods-Research Survey-Research SurveyUITests-frameworks.sh\"\n";
			showEnvVarsInLog = 0;
		};
		94315F3DD5AAD2FDC0C29D31 /* [CP] Check Pods Manifest.lock */ = {
			isa = PBXShellScriptBuildPhase;
			buildActionMask = 2147483647;
			files = (
			);
			inputFileListPaths = (
			);
			inputPaths = (
				"${PODS_PODFILE_DIR_PATH}/Podfile.lock",
				"${PODS_ROOT}/Manifest.lock",
			);
			name = "[CP] Check Pods Manifest.lock";
			outputFileListPaths = (
			);
			outputPaths = (
				"$(DERIVED_FILE_DIR)/Pods-Research Survey-Research SurveyUITests-checkManifestLockResult.txt",
			);
			runOnlyForDeploymentPostprocessing = 0;
			shellPath = /bin/sh;
			shellScript = "diff \"${PODS_PODFILE_DIR_PATH}/Podfile.lock\" \"${PODS_ROOT}/Manifest.lock\" > /dev/null\nif [ $? != 0 ] ; then\n    # print error to STDERR\n    echo \"error: The sandbox is not in sync with the Podfile.lock. Run 'pod install' or update your CocoaPods installation.\" >&2\n    exit 1\nfi\n# This output is used by Xcode 'outputs' to avoid re-running this script phase.\necho \"SUCCESS\" > \"${SCRIPT_OUTPUT_FILE_0}\"\n";
			showEnvVarsInLog = 0;
		};
		B17F6147D9BA5231D6B3E8AB /* [CP] Embed Pods Frameworks */ = {
			isa = PBXShellScriptBuildPhase;
			buildActionMask = 2147483647;
			files = (
			);
			inputFileListPaths = (
				"${PODS_ROOT}/Target Support Files/Pods-Research Survey/Pods-Research Survey-frameworks-${CONFIGURATION}-input-files.xcfilelist",
			);
			name = "[CP] Embed Pods Frameworks";
			outputFileListPaths = (
				"${PODS_ROOT}/Target Support Files/Pods-Research Survey/Pods-Research Survey-frameworks-${CONFIGURATION}-output-files.xcfilelist",
			);
			runOnlyForDeploymentPostprocessing = 0;
			shellPath = /bin/sh;
			shellScript = "\"${PODS_ROOT}/Target Support Files/Pods-Research Survey/Pods-Research Survey-frameworks.sh\"\n";
			showEnvVarsInLog = 0;
		};
		B2F3AAF6D29B2023901ADF16 /* [CP] Check Pods Manifest.lock */ = {
			isa = PBXShellScriptBuildPhase;
			buildActionMask = 2147483647;
			files = (
			);
			inputFileListPaths = (
			);
			inputPaths = (
				"${PODS_PODFILE_DIR_PATH}/Podfile.lock",
				"${PODS_ROOT}/Manifest.lock",
			);
			name = "[CP] Check Pods Manifest.lock";
			outputFileListPaths = (
			);
			outputPaths = (
				"$(DERIVED_FILE_DIR)/Pods-Research SurveyTests-checkManifestLockResult.txt",
			);
			runOnlyForDeploymentPostprocessing = 0;
			shellPath = /bin/sh;
			shellScript = "diff \"${PODS_PODFILE_DIR_PATH}/Podfile.lock\" \"${PODS_ROOT}/Manifest.lock\" > /dev/null\nif [ $? != 0 ] ; then\n    # print error to STDERR\n    echo \"error: The sandbox is not in sync with the Podfile.lock. Run 'pod install' or update your CocoaPods installation.\" >&2\n    exit 1\nfi\n# This output is used by Xcode 'outputs' to avoid re-running this script phase.\necho \"SUCCESS\" > \"${SCRIPT_OUTPUT_FILE_0}\"\n";
			showEnvVarsInLog = 0;
		};
/* End PBXShellScriptBuildPhase section */

/* Begin PBXSourcesBuildPhase section */
		3946BEEE272AF7A1005DFFC2 /* Sources */ = {
			isa = PBXSourcesBuildPhase;
			buildActionMask = 2147483647;
			files = (
				3946BF50272E0D6E005DFFC2 /* TextTVC.swift in Sources */,
				39396DA127EBA4AD00B46233 /* HelpVC.swift in Sources */,
				39C53F8027BC2A6900D42EA5 /* GridSatisfyTVC.swift in Sources */,
				3946BF4C272E0D5A005DFFC2 /* MultipleChoiceTVC.swift in Sources */,
				3946BF2A272AFD8F005DFFC2 /* HomeVC.swift in Sources */,
				392853F927EC23C500A01979 /* Answer+CoreDataClass.swift in Sources */,
				391F073327C181E500969BBF /* UIFont+Extentions.swift in Sources */,
				39C53F7D27BC09C200D42EA5 /* DeadCode.swift in Sources */,
				39933591276910A7006F9C11 /* Answer.swift in Sources */,
				392853F827EC23C500A01979 /* Answer+CoreDataProperties.swift in Sources */,
				398C3B7827418BE400504A5F /* StaticClasses.swift in Sources */,
				396D304627973FD600BC768B /* ModuleCompletedVC.swift in Sources */,
				392853FB27EC23C500A01979 /* Question+CoreDataProperties.swift in Sources */,
				392853F727EC23C500A01979 /* Module+CoreDataClass.swift in Sources */,
				3946BEF6272AF7A1005DFFC2 /* AppDelegate.swift in Sources */,
				39396DA527EBA4CF00B46233 /* FeedbackVC.swift in Sources */,
				396D304127956E0300BC768B /* HomeCompletedTVC.swift in Sources */,
				3946BF3E272B0861005DFFC2 /* UIColor+Extentions.swift in Sources */,
				39B1F8C327DB0CF60079B5C3 /* VoiceTVC.swift in Sources */,
				39396DA327EBA4C200B46233 /* DataPrivacyVC.swift in Sources */,
				3946BF3F272B0861005DFFC2 /* UIViewController + Extension.swift in Sources */,
				398B608227C1A08B00EE3B88 /* UITableView+Extentions.swift in Sources */,
				3993358F275855AD006F9C11 /* Helper.swift in Sources */,
				396C5A94277A904900B367C0 /* Model.xcdatamodeld in Sources */,
				398C3B74274185DD00504A5F /* FooterTVC.swift in Sources */,
				39DE96DF27E8F15D00671978 /* DatePickerTVC.swift in Sources */,
				392853FA27EC23C500A01979 /* Module+CoreDataProperties.swift in Sources */,
				3946BF41272DF8CA005DFFC2 /* QuestionVC.swift in Sources */,
				3946BF3D272B0861005DFFC2 /* UIView+Extentions.swift in Sources */,
				3946BF2F272AFEAF005DFFC2 /* HomeTVC.swift in Sources */,
				3993358A275835F5006F9C11 /* Module.swift in Sources */,
				398C3B7B2741BE5300504A5F /* ReleaseDateTVC.swift in Sources */,
				3993358C2758367D006F9C11 /* Question.swift in Sources */,
				396D304D279F8A0100BC768B /* OtherTVC.swift in Sources */,
				39376AC927ED11B3009EFCF0 /* SplashVC.swift in Sources */,
				392853F627EC23C500A01979 /* Question+CoreDataClass.swift in Sources */,
				3946BF48272E0D3F005DFFC2 /* BestChoiceTVC.swift in Sources */,
				3946BF28272AFC1C005DFFC2 /* LogInVC.swift in Sources */,
				39DE96E327EA343600671978 /* TextViewTVC.swift in Sources */,
				396D3049279F7F4E00BC768B /* OtherMCQTVC.swift in Sources */,
				3946BF54272E0D7F005DFFC2 /* NumericTVC.swift in Sources */,
				398C3B7E2757F90400504A5F /* UserSurvey.swift in Sources */,
				398C3B71273DB78000504A5F /* SettingVC.swift in Sources */,
			);
			runOnlyForDeploymentPostprocessing = 0;
		};
		3946BF04272AF7A5005DFFC2 /* Sources */ = {
			isa = PBXSourcesBuildPhase;
			buildActionMask = 2147483647;
			files = (
				3946BF0D272AF7A5005DFFC2 /* Research_SurveyTests.swift in Sources */,
			);
			runOnlyForDeploymentPostprocessing = 0;
		};
		3946BF0F272AF7A5005DFFC2 /* Sources */ = {
			isa = PBXSourcesBuildPhase;
			buildActionMask = 2147483647;
			files = (
				3946BF18272AF7A5005DFFC2 /* Research_SurveyUITests.swift in Sources */,
			);
			runOnlyForDeploymentPostprocessing = 0;
		};
/* End PBXSourcesBuildPhase section */

/* Begin PBXTargetDependency section */
		3946BF0A272AF7A5005DFFC2 /* PBXTargetDependency */ = {
			isa = PBXTargetDependency;
			target = 3946BEF1272AF7A1005DFFC2 /* Research Survey */;
			targetProxy = 3946BF09272AF7A5005DFFC2 /* PBXContainerItemProxy */;
		};
		3946BF15272AF7A5005DFFC2 /* PBXTargetDependency */ = {
			isa = PBXTargetDependency;
			target = 3946BEF1272AF7A1005DFFC2 /* Research Survey */;
			targetProxy = 3946BF14272AF7A5005DFFC2 /* PBXContainerItemProxy */;
		};
/* End PBXTargetDependency section */

/* Begin PBXVariantGroup section */
		3946BEFB272AF7A1005DFFC2 /* Main.storyboard */ = {
			isa = PBXVariantGroup;
			children = (
				3946BEFC272AF7A1005DFFC2 /* Base */,
			);
			name = Main.storyboard;
			sourceTree = "<group>";
		};
		3946BF00272AF7A5005DFFC2 /* LaunchScreen.storyboard */ = {
			isa = PBXVariantGroup;
			children = (
				3946BF01272AF7A5005DFFC2 /* Base */,
			);
			name = LaunchScreen.storyboard;
			sourceTree = "<group>";
		};
/* End PBXVariantGroup section */

/* Begin XCBuildConfiguration section */
		3946BF1A272AF7A5005DFFC2 /* Debug */ = {
			isa = XCBuildConfiguration;
			buildSettings = {
				ALWAYS_SEARCH_USER_PATHS = NO;
				CLANG_ANALYZER_NONNULL = YES;
				CLANG_ANALYZER_NUMBER_OBJECT_CONVERSION = YES_AGGRESSIVE;
				CLANG_CXX_LANGUAGE_STANDARD = "gnu++14";
				CLANG_CXX_LIBRARY = "libc++";
				CLANG_ENABLE_MODULES = YES;
				CLANG_ENABLE_OBJC_ARC = YES;
				CLANG_ENABLE_OBJC_WEAK = YES;
				CLANG_WARN_BLOCK_CAPTURE_AUTORELEASING = YES;
				CLANG_WARN_BOOL_CONVERSION = YES;
				CLANG_WARN_COMMA = YES;
				CLANG_WARN_CONSTANT_CONVERSION = YES;
				CLANG_WARN_DEPRECATED_OBJC_IMPLEMENTATIONS = YES;
				CLANG_WARN_DIRECT_OBJC_ISA_USAGE = YES_ERROR;
				CLANG_WARN_DOCUMENTATION_COMMENTS = YES;
				CLANG_WARN_EMPTY_BODY = YES;
				CLANG_WARN_ENUM_CONVERSION = YES;
				CLANG_WARN_INFINITE_RECURSION = YES;
				CLANG_WARN_INT_CONVERSION = YES;
				CLANG_WARN_NON_LITERAL_NULL_CONVERSION = YES;
				CLANG_WARN_OBJC_IMPLICIT_RETAIN_SELF = YES;
				CLANG_WARN_OBJC_LITERAL_CONVERSION = YES;
				CLANG_WARN_OBJC_ROOT_CLASS = YES_ERROR;
				CLANG_WARN_QUOTED_INCLUDE_IN_FRAMEWORK_HEADER = YES;
				CLANG_WARN_RANGE_LOOP_ANALYSIS = YES;
				CLANG_WARN_STRICT_PROTOTYPES = YES;
				CLANG_WARN_SUSPICIOUS_MOVE = YES;
				CLANG_WARN_UNGUARDED_AVAILABILITY = YES_AGGRESSIVE;
				CLANG_WARN_UNREACHABLE_CODE = YES;
				CLANG_WARN__DUPLICATE_METHOD_MATCH = YES;
				COPY_PHASE_STRIP = NO;
				DEBUG_INFORMATION_FORMAT = dwarf;
				ENABLE_STRICT_OBJC_MSGSEND = YES;
				ENABLE_TESTABILITY = YES;
				GCC_C_LANGUAGE_STANDARD = gnu11;
				GCC_DYNAMIC_NO_PIC = NO;
				GCC_NO_COMMON_BLOCKS = YES;
				GCC_OPTIMIZATION_LEVEL = 0;
				GCC_PREPROCESSOR_DEFINITIONS = (
					"DEBUG=1",
					"$(inherited)",
				);
				GCC_WARN_64_TO_32_BIT_CONVERSION = YES;
				GCC_WARN_ABOUT_RETURN_TYPE = YES_ERROR;
				GCC_WARN_UNDECLARED_SELECTOR = YES;
				GCC_WARN_UNINITIALIZED_AUTOS = YES_AGGRESSIVE;
				GCC_WARN_UNUSED_FUNCTION = YES;
				GCC_WARN_UNUSED_VARIABLE = YES;
				IPHONEOS_DEPLOYMENT_TARGET = 14.5;
				MTL_ENABLE_DEBUG_INFO = INCLUDE_SOURCE;
				MTL_FAST_MATH = YES;
				ONLY_ACTIVE_ARCH = YES;
				SDKROOT = iphoneos;
				SWIFT_ACTIVE_COMPILATION_CONDITIONS = DEBUG;
				SWIFT_OPTIMIZATION_LEVEL = "-Onone";
			};
			name = Debug;
		};
		3946BF1B272AF7A5005DFFC2 /* Release */ = {
			isa = XCBuildConfiguration;
			buildSettings = {
				ALWAYS_SEARCH_USER_PATHS = NO;
				CLANG_ANALYZER_NONNULL = YES;
				CLANG_ANALYZER_NUMBER_OBJECT_CONVERSION = YES_AGGRESSIVE;
				CLANG_CXX_LANGUAGE_STANDARD = "gnu++14";
				CLANG_CXX_LIBRARY = "libc++";
				CLANG_ENABLE_MODULES = YES;
				CLANG_ENABLE_OBJC_ARC = YES;
				CLANG_ENABLE_OBJC_WEAK = YES;
				CLANG_WARN_BLOCK_CAPTURE_AUTORELEASING = YES;
				CLANG_WARN_BOOL_CONVERSION = YES;
				CLANG_WARN_COMMA = YES;
				CLANG_WARN_CONSTANT_CONVERSION = YES;
				CLANG_WARN_DEPRECATED_OBJC_IMPLEMENTATIONS = YES;
				CLANG_WARN_DIRECT_OBJC_ISA_USAGE = YES_ERROR;
				CLANG_WARN_DOCUMENTATION_COMMENTS = YES;
				CLANG_WARN_EMPTY_BODY = YES;
				CLANG_WARN_ENUM_CONVERSION = YES;
				CLANG_WARN_INFINITE_RECURSION = YES;
				CLANG_WARN_INT_CONVERSION = YES;
				CLANG_WARN_NON_LITERAL_NULL_CONVERSION = YES;
				CLANG_WARN_OBJC_IMPLICIT_RETAIN_SELF = YES;
				CLANG_WARN_OBJC_LITERAL_CONVERSION = YES;
				CLANG_WARN_OBJC_ROOT_CLASS = YES_ERROR;
				CLANG_WARN_QUOTED_INCLUDE_IN_FRAMEWORK_HEADER = YES;
				CLANG_WARN_RANGE_LOOP_ANALYSIS = YES;
				CLANG_WARN_STRICT_PROTOTYPES = YES;
				CLANG_WARN_SUSPICIOUS_MOVE = YES;
				CLANG_WARN_UNGUARDED_AVAILABILITY = YES_AGGRESSIVE;
				CLANG_WARN_UNREACHABLE_CODE = YES;
				CLANG_WARN__DUPLICATE_METHOD_MATCH = YES;
				COPY_PHASE_STRIP = NO;
				DEBUG_INFORMATION_FORMAT = "dwarf-with-dsym";
				ENABLE_NS_ASSERTIONS = NO;
				ENABLE_STRICT_OBJC_MSGSEND = YES;
				GCC_C_LANGUAGE_STANDARD = gnu11;
				GCC_NO_COMMON_BLOCKS = YES;
				GCC_WARN_64_TO_32_BIT_CONVERSION = YES;
				GCC_WARN_ABOUT_RETURN_TYPE = YES_ERROR;
				GCC_WARN_UNDECLARED_SELECTOR = YES;
				GCC_WARN_UNINITIALIZED_AUTOS = YES_AGGRESSIVE;
				GCC_WARN_UNUSED_FUNCTION = YES;
				GCC_WARN_UNUSED_VARIABLE = YES;
				IPHONEOS_DEPLOYMENT_TARGET = 14.5;
				MTL_ENABLE_DEBUG_INFO = NO;
				MTL_FAST_MATH = YES;
				SDKROOT = iphoneos;
				SWIFT_COMPILATION_MODE = wholemodule;
				SWIFT_OPTIMIZATION_LEVEL = "-O";
				VALIDATE_PRODUCT = YES;
			};
			name = Release;
		};
		3946BF1D272AF7A5005DFFC2 /* Debug */ = {
			isa = XCBuildConfiguration;
			baseConfigurationReference = 283DD68ED5FF949B0E788834 /* Pods-Research Survey.debug.xcconfig */;
			buildSettings = {
				ASSETCATALOG_COMPILER_APPICON_NAME = AppIcon;
				ASSETCATALOG_COMPILER_GLOBAL_ACCENT_COLOR_NAME = AccentColor;
				CODE_SIGN_STYLE = Automatic;
				CURRENT_PROJECT_VERSION = 7;
				DEVELOPMENT_TEAM = 689H338NR2;
				INFOPLIST_FILE = "Research Survey/Info.plist";
				IPHONEOS_DEPLOYMENT_TARGET = 13.0;
				LD_RUNPATH_SEARCH_PATHS = (
					"$(inherited)",
					"@executable_path/Frameworks",
				);
				MARKETING_VERSION = 0.1.0;
				PRODUCT_BUNDLE_IDENTIFIER = "com.test.Research-Survey";
				PRODUCT_NAME = "$(TARGET_NAME)";
				SWIFT_VERSION = 5.0;
				TARGETED_DEVICE_FAMILY = 1;
			};
			name = Debug;
		};
		3946BF1E272AF7A5005DFFC2 /* Release */ = {
			isa = XCBuildConfiguration;
			baseConfigurationReference = F100E578F8BC75FAB4C2CE06 /* Pods-Research Survey.release.xcconfig */;
			buildSettings = {
				ASSETCATALOG_COMPILER_APPICON_NAME = AppIcon;
				ASSETCATALOG_COMPILER_GLOBAL_ACCENT_COLOR_NAME = AccentColor;
				CODE_SIGN_STYLE = Automatic;
				CURRENT_PROJECT_VERSION = 7;
				DEVELOPMENT_TEAM = 689H338NR2;
				INFOPLIST_FILE = "Research Survey/Info.plist";
				IPHONEOS_DEPLOYMENT_TARGET = 13.0;
				LD_RUNPATH_SEARCH_PATHS = (
					"$(inherited)",
					"@executable_path/Frameworks",
				);
				MARKETING_VERSION = 0.1.0;
				PRODUCT_BUNDLE_IDENTIFIER = "com.test.Research-Survey";
				PRODUCT_NAME = "$(TARGET_NAME)";
				SWIFT_VERSION = 5.0;
				TARGETED_DEVICE_FAMILY = 1;
			};
			name = Release;
		};
		3946BF20272AF7A5005DFFC2 /* Debug */ = {
			isa = XCBuildConfiguration;
			baseConfigurationReference = 19A41025FAEA6946A460A2CA /* Pods-Research SurveyTests.debug.xcconfig */;
			buildSettings = {
				ALWAYS_EMBED_SWIFT_STANDARD_LIBRARIES = YES;
				BUNDLE_LOADER = "$(TEST_HOST)";
				CODE_SIGN_STYLE = Automatic;
				DEVELOPMENT_TEAM = 689H338NR2;
				INFOPLIST_FILE = "Research SurveyTests/Info.plist";
				IPHONEOS_DEPLOYMENT_TARGET = 14.5;
				LD_RUNPATH_SEARCH_PATHS = (
					"$(inherited)",
					"@executable_path/Frameworks",
					"@loader_path/Frameworks",
				);
				PRODUCT_BUNDLE_IDENTIFIER = "com.test.Research-SurveyTests";
				PRODUCT_NAME = "$(TARGET_NAME)";
				SWIFT_VERSION = 5.0;
				TARGETED_DEVICE_FAMILY = "1,2";
				TEST_HOST = "$(BUILT_PRODUCTS_DIR)/Research Survey.app/Research Survey";
			};
			name = Debug;
		};
		3946BF21272AF7A5005DFFC2 /* Release */ = {
			isa = XCBuildConfiguration;
			baseConfigurationReference = 4331F9503D72095DEFCD7791 /* Pods-Research SurveyTests.release.xcconfig */;
			buildSettings = {
				ALWAYS_EMBED_SWIFT_STANDARD_LIBRARIES = YES;
				BUNDLE_LOADER = "$(TEST_HOST)";
				CODE_SIGN_STYLE = Automatic;
				DEVELOPMENT_TEAM = 689H338NR2;
				INFOPLIST_FILE = "Research SurveyTests/Info.plist";
				IPHONEOS_DEPLOYMENT_TARGET = 14.5;
				LD_RUNPATH_SEARCH_PATHS = (
					"$(inherited)",
					"@executable_path/Frameworks",
					"@loader_path/Frameworks",
				);
				PRODUCT_BUNDLE_IDENTIFIER = "com.test.Research-SurveyTests";
				PRODUCT_NAME = "$(TARGET_NAME)";
				SWIFT_VERSION = 5.0;
				TARGETED_DEVICE_FAMILY = "1,2";
				TEST_HOST = "$(BUILT_PRODUCTS_DIR)/Research Survey.app/Research Survey";
			};
			name = Release;
		};
		3946BF23272AF7A5005DFFC2 /* Debug */ = {
			isa = XCBuildConfiguration;
			baseConfigurationReference = 7F9BCED748D84BDAC4DF7B01 /* Pods-Research Survey-Research SurveyUITests.debug.xcconfig */;
			buildSettings = {
				ALWAYS_EMBED_SWIFT_STANDARD_LIBRARIES = YES;
				CODE_SIGN_STYLE = Automatic;
				DEVELOPMENT_TEAM = 689H338NR2;
				INFOPLIST_FILE = "Research SurveyUITests/Info.plist";
				LD_RUNPATH_SEARCH_PATHS = (
					"$(inherited)",
					"@executable_path/Frameworks",
					"@loader_path/Frameworks",
				);
				PRODUCT_BUNDLE_IDENTIFIER = "com.test.Research-SurveyUITests";
				PRODUCT_NAME = "$(TARGET_NAME)";
				SWIFT_VERSION = 5.0;
				TARGETED_DEVICE_FAMILY = "1,2";
				TEST_TARGET_NAME = "Research Survey";
			};
			name = Debug;
		};
		3946BF24272AF7A5005DFFC2 /* Release */ = {
			isa = XCBuildConfiguration;
			baseConfigurationReference = C7203A81E122D6FDF6FDC9CE /* Pods-Research Survey-Research SurveyUITests.release.xcconfig */;
			buildSettings = {
				ALWAYS_EMBED_SWIFT_STANDARD_LIBRARIES = YES;
				CODE_SIGN_STYLE = Automatic;
				DEVELOPMENT_TEAM = 689H338NR2;
				INFOPLIST_FILE = "Research SurveyUITests/Info.plist";
				LD_RUNPATH_SEARCH_PATHS = (
					"$(inherited)",
					"@executable_path/Frameworks",
					"@loader_path/Frameworks",
				);
				PRODUCT_BUNDLE_IDENTIFIER = "com.test.Research-SurveyUITests";
				PRODUCT_NAME = "$(TARGET_NAME)";
				SWIFT_VERSION = 5.0;
				TARGETED_DEVICE_FAMILY = "1,2";
				TEST_TARGET_NAME = "Research Survey";
			};
			name = Release;
		};
/* End XCBuildConfiguration section */

/* Begin XCConfigurationList section */
		3946BEED272AF7A1005DFFC2 /* Build configuration list for PBXProject "Research Survey" */ = {
			isa = XCConfigurationList;
			buildConfigurations = (
				3946BF1A272AF7A5005DFFC2 /* Debug */,
				3946BF1B272AF7A5005DFFC2 /* Release */,
			);
			defaultConfigurationIsVisible = 0;
			defaultConfigurationName = Release;
		};
		3946BF1C272AF7A5005DFFC2 /* Build configuration list for PBXNativeTarget "Research Survey" */ = {
			isa = XCConfigurationList;
			buildConfigurations = (
				3946BF1D272AF7A5005DFFC2 /* Debug */,
				3946BF1E272AF7A5005DFFC2 /* Release */,
			);
			defaultConfigurationIsVisible = 0;
			defaultConfigurationName = Release;
		};
		3946BF1F272AF7A5005DFFC2 /* Build configuration list for PBXNativeTarget "Research SurveyTests" */ = {
			isa = XCConfigurationList;
			buildConfigurations = (
				3946BF20272AF7A5005DFFC2 /* Debug */,
				3946BF21272AF7A5005DFFC2 /* Release */,
			);
			defaultConfigurationIsVisible = 0;
			defaultConfigurationName = Release;
		};
		3946BF22272AF7A5005DFFC2 /* Build configuration list for PBXNativeTarget "Research SurveyUITests" */ = {
			isa = XCConfigurationList;
			buildConfigurations = (
				3946BF23272AF7A5005DFFC2 /* Debug */,
				3946BF24272AF7A5005DFFC2 /* Release */,
			);
			defaultConfigurationIsVisible = 0;
			defaultConfigurationName = Release;
		};
/* End XCConfigurationList section */

/* Begin XCVersionGroup section */
		396C5A92277A904800B367C0 /* Model.xcdatamodeld */ = {
			isa = XCVersionGroup;
			children = (
				396C5A93277A904800B367C0 /* Model.xcdatamodel */,
			);
			currentVersion = 396C5A93277A904800B367C0 /* Model.xcdatamodel */;
			path = Model.xcdatamodeld;
			sourceTree = "<group>";
			versionGroupType = wrapper.xcdatamodel;
		};
/* End XCVersionGroup section */
	};
	rootObject = 3946BEEA272AF7A1005DFFC2 /* Project object */;
}
